{
  "nodes": {
    "fenix": {
      "inputs": {
        "nixpkgs": "nixpkgs",
        "rust-analyzer-src": "rust-analyzer-src"
      },
      "locked": {
        "lastModified": 1628475938,
        "narHash": "sha256-8B9BBIDW2K6EcwP0KwMkE3hLfoGDfTjeUnqVoU4NO3I=",
        "owner": "nix-community",
        "repo": "fenix",
        "rev": "c685d818d09558632ee7e2addca524c2cc91da62",
        "type": "github"
      },
      "original": {
        "owner": "nix-community",
        "repo": "fenix",
        "type": "github"
      }
    },
    "naersk": {
      "inputs": {
        "nixpkgs": "nixpkgs_2"
      },
      "locked": {
        "lastModified": 1623927034,
        "narHash": "sha256-sGxlmfp5eXL5sAMNqHSb04Zq6gPl+JeltIZ226OYN0w=",
        "owner": "nmattia",
        "repo": "naersk",
        "rev": "e09c320446c5c2516d430803f7b19f5833781337",
        "type": "github"
      },
      "original": {
        "owner": "nmattia",
        "repo": "naersk",
        "type": "github"
      }
    },
    "nixpkgs": {
      "locked": {
        "lastModified": 1628287055,
        "narHash": "sha256-YwxtAt25pZofJT/e4sxw9cFBaFok+zgIy04HFV0rDd0=",
        "owner": "nixos",
        "repo": "nixpkgs",
        "rev": "0dde103318090f77ac95ef7fc26fe0cdd00fa0b3",
        "type": "github"
      },
      "original": {
        "owner": "nixos",
        "ref": "nixos-unstable",
        "repo": "nixpkgs",
        "type": "github"
      }
    },
    "nixpkgs_2": {
      "locked": {
        "lastModified": 1628519284,
        "narHash": "sha256-Zzxjt/hS0sQkXADA947zeIZFjOIgKhHejJNEWXT/EHo=",
        "owner": "NixOS",
        "repo": "nixpkgs",
        "rev": "785635cc73aa09ba73afe36e746c2b2b2f51b235",
        "type": "github"
      },
      "original": {
        "id": "nixpkgs",
        "type": "indirect"
      }
    },
    "nixpkgs_3": {
      "locked": {
        "lastModified": 1628477318,
        "narHash": "sha256-oxfAhBIaKfNOUKHybnY7Ur8we7nNFXb+DUD1VdR5pfM=",
        "owner": "NixOS",
        "repo": "nixpkgs",
        "rev": "5f746317f10f7206f1dbb8dfcfc2257b04507eee",
        "type": "github"
      },
      "original": {
        "owner": "NixOS",
        "ref": "nixpkgs-unstable",
        "repo": "nixpkgs",
        "type": "github"
      }
    },
    "root": {
      "inputs": {
        "fenix": "fenix",
        "naersk": "naersk",
        "nixpkgs": "nixpkgs_3",
        "utils": "utils"
      }
    },
    "rust-analyzer-src": {
      "flake": false,
      "locked": {
        "lastModified": 1628461837,
        "narHash": "sha256-l9F/cznYHxBdnb3NerIXzOMrzRnxdka0vExzUtKkBfw=",
        "owner": "rust-analyzer",
        "repo": "rust-analyzer",
        "rev": "5664a2b0b31403024ce5ab927760d630d5ddc9a4",
        "type": "github"
      },
      "original": {
        "owner": "rust-analyzer",
        "ref": "nightly",
        "repo": "rust-analyzer",
        "type": "github"
      }
    },
    "utils": {
      "locked": {
        "lastModified": 1623875721,
        "narHash": "sha256-A8BU7bjS5GirpAUv4QA+QnJ4CceLHkcXdRp4xITDB0s=",
        "owner": "numtide",
        "repo": "flake-utils",
        "rev": "f7e004a55b120c02ecb6219596820fcd32ca8772",
        "type": "github"
      },
      "original": {
        "owner": "numtide",
        "repo": "flake-utils",
        "type": "github"
      }
    }
  },
  "root": "root",
  "version": 7
}
